
Microsoft Visual Studio Solution File, Format Version 12.00
# Visual Studio Version 17
VisualStudioVersion = 17.13.35828.75
MinimumVisualStudioVersion = 10.0.40219.1
Project("{FAE04EC0-301F-11D3-BF4B-00C04F79EFBC}") = "ElegantLoops", "ElegantLoops\ElegantLoops.csproj", "{7392AC8B-7C81-4221-BA36-1EFE66B485E7}"
EndProject
Project("{FAE04EC0-301F-11D3-BF4B-00C04F79EFBC}") = "ElegantLoopsTests", "ElegantLoopsTests\ElegantLoopsTests.csproj", "{1E4A0624-01EF-44EF-BA85-C824EB445992}"
EndProject
Project("{FAE04EC0-301F-11D3-BF4B-00C04F79EFBC}") = "ElegantLoopsBenchmarks", "ElegantLoopsBenchmarks\ElegantLoopsBenchmarks.csproj", "{B2168765-1464-4DB2-BB4B-227430ACE62F}"
EndProject
Global
	GlobalSection(SolutionConfigurationPlatforms) = preSolution
		Debug|Any CPU = Debug|Any CPU
		Release|Any CPU = Release|Any CPU
	EndGlobalSection
	GlobalSection(ProjectConfigurationPlatforms) = postSolution
		{7392AC8B-7C81-4221-BA36-1EFE66B485E7}.Debug|Any CPU.ActiveCfg = Debug|Any CPU
		{7392AC8B-7C81-4221-BA36-1EFE66B485E7}.Debug|Any CPU.Build.0 = Debug|Any CPU
		{7392AC8B-7C81-4221-BA36-1EFE66B485E7}.Release|Any CPU.ActiveCfg = Release|Any CPU
		{7392AC8B-7C81-4221-BA36-1EFE66B485E7}.Release|Any CPU.Build.0 = Release|Any CPU
		{1E4A0624-01EF-44EF-BA85-C824EB445992}.Debug|Any CPU.ActiveCfg = Debug|Any CPU
		{1E4A0624-01EF-44EF-BA85-C824EB445992}.Debug|Any CPU.Build.0 = Debug|Any CPU
		{1E4A0624-01EF-44EF-BA85-C824EB445992}.Release|Any CPU.ActiveCfg = Release|Any CPU
		{1E4A0624-01EF-44EF-BA85-C824EB445992}.Release|Any CPU.Build.0 = Release|Any CPU
		{B2168765-1464-4DB2-BB4B-227430ACE62F}.Debug|Any CPU.ActiveCfg = Debug|Any CPU
		{B2168765-1464-4DB2-BB4B-227430ACE62F}.Debug|Any CPU.Build.0 = Debug|Any CPU
		{B2168765-1464-4DB2-BB4B-227430ACE62F}.Release|Any CPU.ActiveCfg = Release|Any CPU
		{B2168765-1464-4DB2-BB4B-227430ACE62F}.Release|Any CPU.Build.0 = Release|Any CPU
	EndGlobalSection
	GlobalSection(SolutionProperties) = preSolution
		HideSolutionNode = FALSE
	EndGlobalSection
	GlobalSection(ExtensibilityGlobals) = postSolution
		SolutionGuid = {3A65A359-79A1-4826-9EB4-430B255A082A}
	EndGlobalSection
EndGlobal
